{
  "name": "cadastroclientes",
  "version": "1.0.0",
  "lockfileVersion": 3,
  "requires": true,
  "packages": {
    "": {
      "name": "cadastroclientes",
      "version": "1.0.0",
      "license": "ISC",
      "dependencies": {
        "sql.js": "^1.9.0"
      }
    },
    "node_modules/sql.js": {
      "version": "1.9.0",
      "resolved": "https://registry.npmjs.org/sql.js/-/sql.js-1.9.0.tgz",
      "integrity": "sha512-+QMN8NU5KJxofT+lEaSLYdhh+Pdq7ZYS6X5bSbpmD+4SKFf+qBmr+coKT07LZ+keUNh1sf3Nz9dQwD8WNI2i/Q=="
    }
  }
}
